{
  "version": 4,
  "terraform_version": "0.14.9",
  "serial": 43,
  "lineage": "9d016805-7243-cead-079b-5038c55923f9",
  "outputs": {},
  "resources": [
    {
      "module": "module.gke_for_node_pool_extension",
      "mode": "managed",
      "type": "google_container_cluster",
      "name": "primary",
      "provider": "provider[\"registry.terraform.io/hashicorp/google\"]",
      "instances": [
        {
          "schema_version": 1,
          "attributes": {
            "addons_config": [
              {
                "cloudrun_config": [],
                "horizontal_pod_autoscaling": [],
                "http_load_balancing": [],
                "network_policy_config": [
                  {
                    "disabled": true
                  }
                ]
              }
            ],
            "authenticator_groups_config": [],
            "cluster_autoscaling": [
              {
                "auto_provisioning_defaults": [],
                "enabled": false,
                "resource_limits": []
              }
            ],
            "cluster_ipv4_cidr": "10.44.130.128/25",
            "database_encryption": [
              {
                "key_name": "",
                "state": "DECRYPTED"
              }
            ],
            "datapath_provider": "",
            "default_max_pods_per_node": 8,
            "default_snat_status": [
              {
                "disabled": false
              }
            ],
            "description": "",
            "enable_autopilot": false,
            "enable_binary_authorization": false,
            "enable_intranode_visibility": false,
            "enable_kubernetes_alpha": false,
            "enable_legacy_abac": false,
            "enable_shielded_nodes": false,
            "enable_tpu": false,
            "endpoint": "34.101.79.89",
            "id": "projects/et-telco-xl-comet/locations/asia-southeast2/clusters/original-gke-cluster",
            "initial_node_count": 1,
            "instance_group_urls": [
              "https://www.googleapis.com/compute/v1/projects/et-telco-xl-comet/zones/asia-southeast2-b/instanceGroups/gke-original-gke-clu-original-node-po-7caf786b-grp",
              "https://www.googleapis.com/compute/v1/projects/et-telco-xl-comet/zones/asia-southeast2-a/instanceGroups/gke-original-gke-clu-original-node-po-0871d3ed-grp",
              "https://www.googleapis.com/compute/v1/projects/et-telco-xl-comet/zones/asia-southeast2-c/instanceGroups/gke-original-gke-clu-original-node-po-9c6a5c4f-grp"
            ],
            "ip_allocation_policy": [
              {
                "cluster_ipv4_cidr_block": "10.44.130.128/25",
                "cluster_secondary_range_name": "first-pod-subnet",
                "services_ipv4_cidr_block": "10.44.130.64/26",
                "services_secondary_range_name": "first-svc-subnet"
              }
            ],
            "label_fingerprint": "a9dc16a7",
            "location": "asia-southeast2",
            "logging_config": [
              {
                "enable_components": [
                  "SYSTEM_COMPONENTS",
                  "WORKLOADS"
                ]
              }
            ],
            "logging_service": "logging.googleapis.com/kubernetes",
            "maintenance_policy": [],
            "master_auth": [
              {
                "client_certificate": "",
                "client_certificate_config": [
                  {
                    "issue_client_certificate": false
                  }
                ],
                "client_key": "",
                "cluster_ca_certificate": "LS0tLS1CRUdJTiBDRVJUSUZJQ0FURS0tLS0tCk1JSUVMRENDQXBTZ0F3SUJBZ0lRTUc0YmYrSjhkeW1jNnNrRXlKdGd6akFOQmdrcWhraUc5dzBCQVFzRkFEQXYKTVMwd0t3WURWUVFERXlSaU0ySXpZVGt4WmkwMk5XRTBMVFEwTnpBdFlXVXpaQzFtTTJSa01qUm1ZVEV4T1RVdwpJQmNOTWpFeE1ESTFNVEF5T0RFd1doZ1BNakExTVRFd01UZ3hNVEk0TVRCYU1DOHhMVEFyQmdOVkJBTVRKR0l6CllqTmhPVEZtTFRZMVlUUXRORFEzTUMxaFpUTmtMV1l6WkdReU5HWmhNVEU1TlRDQ0FhSXdEUVlKS29aSWh2Y04KQVFFQkJRQURnZ0dQQURDQ0FZb0NnZ0dCQUpqZG9iWU5aczU1M0tWVFZQdDRBSUFjWGlCcjRTVEZ5UU0xRm8ycAoyLzRQK3lMQVRhUEVOaXBtMVpZbVFBd2FYL1hYU0ZJcy82SHlDSzd1QXVFOTA3eUQwcTJZNVRGcmdWYVRDa2YzCjEzRUJvTDMzeHFSN2pNYXJOY3JrbEh4WEQxUmhreG01dVE1VGVRcktuSUpNeWp2N2czb25RR2NVVDBDbjZqWHIKMmJNcU84ekQzb24wQ2ZndXVIMzVUZEI5dWlWMmZXbWo2bSt3dkFqMDd2bkNjbFpNQk9kakxQb1VFeU1PVHl4RQpnRW5abWg4elg0UklEK2t2YzEwSGFCSDVtUW1SYjkxMkZkRWF0R1RTVzZSK2hOdVFXcHh1NC8wZ2JrU2N1elRKCmFEeE9mbjNVNy80bUJIUnVOTm9paFNCSDljTHJyL2xwMndBV0dxU2g0bWpvZmZSeTd4dUx5VlNtMFhySXFJRW0KVk5WVU9OeWpZRTJRTWlFRGxBVUxjMDdmdXo4TE5VMGVJS3pFY2d0V0VUUHZBcldhUFdraWlxZVMvdVIwMEc5TQppZ0JUVThnSFg3MEk4VDZFQ1hXQnU1RWdCcjM5MHFrWGY2bnZIVEUvcW9TMEh3azdvWDkxWWRlZ1F1dnd4R1lOClFXM245alczU1MvTmxZWGhqSkc3S1hHRUh3SURBUUFCbzBJd1FEQU9CZ05WSFE4QkFmOEVCQU1DQWdRd0R3WUQKVlIwVEFRSC9CQVV3QXdFQi96QWRCZ05WSFE0RUZnUVVYWVRucFFrYWpLOHN6aGwvbDI4OU5uSjF3cXd3RFFZSgpLb1pJaHZjTkFRRUxCUUFEZ2dHQkFDZ01abjhnVHZTdmNLTjNKUjZXemhDVEJmUi9uQlRFVk5adExxU09mOC9lClU2emxYTUZNZTMvd0E5SDNmb1gvMTdzUU00TlRKejcwTlpXaEYxYjduUVBhaHdoUUZLWk55Rjk3dkkzUENFWDEKRzlEL0dSUjJmREwweVNhM2VOK1pLdXNtVm82ek53aEU1ZXhrbHNvSXFVWng4T2ZtWlloMHJIZFhqai9qN2wydwpmMHc2dC91RGR4enRtWmlqWUpuaDhadHhYS0xLMjVRQVNsVUQrWWpLc09qL2tXaGZvYXB1OU91dGNITm5hODVDClA3UTlLMWRPNDJlN3NMbGhlWnV4R2VLK25Sb2tlUEM2Njd4R3pobE15NHpCSDZLdVhhc3RCQ0sxdXFLcm12clkKU2doL2NlTk5ScHJIZlN0R0xPMitlN3V5NlJKUmJhMVFEczdGLzdqSVA5dFpYem5IVENBUGdqeEdBdjJSNCtiUQoxVDV0czRGWDBoaEVOczZZSzRkWFNYaExtME1LR3pvREJYdnZYUUJkNk5CZjlDc2ZwK0cwUlpUT2FMRHVnd3poCldJa3JlQzg3YkkyZ1FHRFFMbnNKcTZyMWRZV09oNTZrRmxPZUNmZUhRbnJXbHhmMVJZYmE2Wk9HeWtHZ0IzWmUKM3lMa09MYzJqdTdHODByZnJMTithUT09Ci0tLS0tRU5EIENFUlRJRklDQVRFLS0tLS0K",
                "password": "",
                "username": ""
              }
            ],
            "master_authorized_networks_config": [],
            "master_version": "1.20.10-gke.301",
            "min_master_version": null,
            "monitoring_config": [
              {
                "enable_components": [
                  "SYSTEM_COMPONENTS"
                ]
              }
            ],
            "monitoring_service": "monitoring.googleapis.com/kubernetes",
            "name": "original-gke-cluster",
            "network": "projects/et-telco-xl-comet/global/networks/pool-extension-test-vpc",
            "network_policy": [
              {
                "enabled": false,
                "provider": "PROVIDER_UNSPECIFIED"
              }
            ],
            "networking_mode": "VPC_NATIVE",
            "node_config": [
              {
                "disk_size_gb": 100,
                "disk_type": "pd-standard",
                "guest_accelerator": [],
                "image_type": "COS_CONTAINERD",
                "labels": {
                  "env": "et-telco-xl-comet"
                },
                "local_ssd_count": 0,
                "machine_type": "n1-standard-1",
                "metadata": {
                  "disable-legacy-endpoints": "true"
                },
                "min_cpu_platform": "",
                "oauth_scopes": [
                  "https://www.googleapis.com/auth/logging.write",
                  "https://www.googleapis.com/auth/monitoring"
                ],
                "preemptible": false,
                "service_account": "default",
                "shielded_instance_config": [
                  {
                    "enable_integrity_monitoring": true,
                    "enable_secure_boot": false
                  }
                ],
                "tags": [
                  "gke-node",
                  "et-telco-xl-comet-gke"
                ],
                "taint": [],
                "workload_metadata_config": []
              }
            ],
            "node_locations": [
              "asia-southeast2-a",
              "asia-southeast2-b",
              "asia-southeast2-c"
            ],
            "node_pool": [
              {
                "autoscaling": [],
                "initial_node_count": 2,
                "instance_group_urls": [
                  "https://www.googleapis.com/compute/v1/projects/et-telco-xl-comet/zones/asia-southeast2-b/instanceGroupManagers/gke-original-gke-clu-original-node-po-7caf786b-grp",
                  "https://www.googleapis.com/compute/v1/projects/et-telco-xl-comet/zones/asia-southeast2-a/instanceGroupManagers/gke-original-gke-clu-original-node-po-0871d3ed-grp",
                  "https://www.googleapis.com/compute/v1/projects/et-telco-xl-comet/zones/asia-southeast2-c/instanceGroupManagers/gke-original-gke-clu-original-node-po-9c6a5c4f-grp"
                ],
                "management": [
                  {
                    "auto_repair": true,
                    "auto_upgrade": true
                  }
                ],
                "max_pods_per_node": 8,
                "name": "original-node-pool",
                "name_prefix": "",
                "node_config": [
                  {
                    "disk_size_gb": 100,
                    "disk_type": "pd-standard",
                    "guest_accelerator": [],
                    "image_type": "COS_CONTAINERD",
                    "labels": {
                      "env": "et-telco-xl-comet"
                    },
                    "local_ssd_count": 0,
                    "machine_type": "n1-standard-1",
                    "metadata": {
                      "disable-legacy-endpoints": "true"
                    },
                    "min_cpu_platform": "",
                    "oauth_scopes": [
                      "https://www.googleapis.com/auth/logging.write",
                      "https://www.googleapis.com/auth/monitoring"
                    ],
                    "preemptible": false,
                    "service_account": "default",
                    "shielded_instance_config": [
                      {
                        "enable_integrity_monitoring": true,
                        "enable_secure_boot": false
                      }
                    ],
                    "tags": [
                      "gke-node",
                      "et-telco-xl-comet-gke"
                    ],
                    "taint": [],
                    "workload_metadata_config": []
                  }
                ],
                "node_count": 2,
                "node_locations": [
                  "asia-southeast2-a",
                  "asia-southeast2-b",
                  "asia-southeast2-c"
                ],
                "upgrade_settings": [
                  {
                    "max_surge": 1,
                    "max_unavailable": 0
                  }
                ],
                "version": "1.20.10-gke.301"
              }
            ],
            "node_version": "1.20.10-gke.301",
            "operation": null,
            "pod_security_policy_config": [],
            "private_cluster_config": [],
            "private_ipv6_google_access": "",
            "project": "et-telco-xl-comet",
            "release_channel": [
              {
                "channel": "REGULAR"
              }
            ],
            "remove_default_node_pool": true,
            "resource_labels": {},
            "resource_usage_export_config": [],
            "self_link": "https://container.googleapis.com/v1beta1/projects/et-telco-xl-comet/locations/asia-southeast2/clusters/original-gke-cluster",
            "services_ipv4_cidr": "10.44.130.64/26",
            "subnetwork": "projects/et-telco-xl-comet/regions/asia-southeast2/subnetworks/primary-subnet",
            "timeouts": null,
            "tpu_ipv4_cidr_block": "",
            "vertical_pod_autoscaling": [],
            "workload_identity_config": []
          },
          "sensitive_attributes": [],
          "private": "eyJlMmJmYjczMC1lY2FhLTExZTYtOGY4OC0zNDM2M2JjN2M0YzAiOnsiY3JlYXRlIjoyNDAwMDAwMDAwMDAwLCJkZWxldGUiOjI0MDAwMDAwMDAwMDAsInJlYWQiOjI0MDAwMDAwMDAwMDAsInVwZGF0ZSI6MzYwMDAwMDAwMDAwMH0sInNjaGVtYV92ZXJzaW9uIjoiMSJ9"
        }
      ]
    },
    {
      "module": "module.gke_for_node_pool_extension",
      "mode": "managed",
      "type": "google_container_node_pool",
      "name": "primary_nodes",
      "provider": "provider[\"registry.terraform.io/hashicorp/google\"]",
      "instances": [
        {
          "schema_version": 1,
          "attributes": {
            "autoscaling": [],
            "cluster": "original-gke-cluster",
            "id": "projects/et-telco-xl-comet/locations/asia-southeast2/clusters/original-gke-cluster/nodePools/original-node-pool",
            "initial_node_count": 2,
            "instance_group_urls": [
              "https://www.googleapis.com/compute/v1/projects/et-telco-xl-comet/zones/asia-southeast2-b/instanceGroupManagers/gke-original-gke-clu-original-node-po-7caf786b-grp",
              "https://www.googleapis.com/compute/v1/projects/et-telco-xl-comet/zones/asia-southeast2-a/instanceGroupManagers/gke-original-gke-clu-original-node-po-0871d3ed-grp",
              "https://www.googleapis.com/compute/v1/projects/et-telco-xl-comet/zones/asia-southeast2-c/instanceGroupManagers/gke-original-gke-clu-original-node-po-9c6a5c4f-grp"
            ],
            "location": "asia-southeast2",
            "management": [
              {
                "auto_repair": true,
                "auto_upgrade": true
              }
            ],
            "max_pods_per_node": 8,
            "name": "original-node-pool",
            "name_prefix": "",
            "node_config": [
              {
                "disk_size_gb": 100,
                "disk_type": "pd-standard",
                "guest_accelerator": [],
                "image_type": "COS_CONTAINERD",
                "labels": {
                  "env": "et-telco-xl-comet"
                },
                "local_ssd_count": 0,
                "machine_type": "n1-standard-1",
                "metadata": {
                  "disable-legacy-endpoints": "true"
                },
                "min_cpu_platform": "",
                "oauth_scopes": [
                  "https://www.googleapis.com/auth/logging.write",
                  "https://www.googleapis.com/auth/monitoring"
                ],
                "preemptible": false,
                "service_account": "default",
                "shielded_instance_config": [
                  {
                    "enable_integrity_monitoring": true,
                    "enable_secure_boot": false
                  }
                ],
                "tags": [
                  "gke-node",
                  "et-telco-xl-comet-gke"
                ],
                "taint": [],
                "workload_metadata_config": []
              }
            ],
            "node_count": 2,
            "node_locations": [
              "asia-southeast2-a",
              "asia-southeast2-b",
              "asia-southeast2-c"
            ],
            "operation": null,
            "project": "et-telco-xl-comet",
            "timeouts": null,
            "upgrade_settings": [
              {
                "max_surge": 1,
                "max_unavailable": 0
              }
            ],
            "version": "1.20.10-gke.301"
          },
          "sensitive_attributes": [],
          "private": "eyJlMmJmYjczMC1lY2FhLTExZTYtOGY4OC0zNDM2M2JjN2M0YzAiOnsiY3JlYXRlIjoxODAwMDAwMDAwMDAwLCJkZWxldGUiOjE4MDAwMDAwMDAwMDAsInVwZGF0ZSI6MTgwMDAwMDAwMDAwMH0sInNjaGVtYV92ZXJzaW9uIjoiMSJ9",
          "dependencies": [
            "module.gke_for_node_pool_extension.google_container_cluster.primary"
          ]
        }
      ]
    },
    {
      "module": "module.gke_for_node_pool_extension",
      "mode": "managed",
      "type": "google_container_node_pool",
      "name": "secondary_nodes",
      "provider": "provider[\"registry.terraform.io/hashicorp/google-beta\"]",
      "instances": [
        {
          "status": "tainted",
          "schema_version": 1,
          "attributes": {
            "autoscaling": [],
            "cluster": "original-gke-cluster",
            "id": "projects/et-telco-xl-comet/locations/asia-southeast2/clusters/original-gke-cluster/nodePools/secondary-node-pool",
            "initial_node_count": null,
            "instance_group_urls": null,
            "location": "asia-southeast2",
            "management": null,
            "max_pods_per_node": 64,
            "name": "secondary-node-pool",
            "name_prefix": null,
            "network_config": [
              {
                "create_pod_range": false,
                "pod_ipv4_cidr_block": "",
                "pod_range": "second-pod-subnet"
              }
            ],
            "node_config": [
              {
                "boot_disk_kms_key": "",
                "disk_size_gb": 0,
                "disk_type": "",
                "ephemeral_storage_config": [],
                "guest_accelerator": [],
                "image_type": "",
                "kubelet_config": [],
                "labels": {
                  "env": "et-telco-xl-comet"
                },
                "linux_node_config": [],
                "local_ssd_count": 0,
                "machine_type": "n1-standard-1",
                "metadata": {
                  "disable-legacy-endpoints": "true"
                },
                "min_cpu_platform": "",
                "oauth_scopes": [
                  "https://www.googleapis.com/auth/logging.write",
                  "https://www.googleapis.com/auth/monitoring"
                ],
                "preemptible": false,
                "sandbox_config": [],
                "service_account": "",
                "shielded_instance_config": [],
                "tags": [
                  "gke-node",
                  "et-telco-xl-comet-gke"
                ],
                "taint": [],
                "workload_metadata_config": []
              }
            ],
            "node_count": 2,
            "node_locations": [],
            "operation": null,
            "project": "et-telco-xl-comet",
            "timeouts": null,
            "upgrade_settings": null,
            "version": null
          },
          "sensitive_attributes": [],
          "private": "eyJlMmJmYjczMC1lY2FhLTExZTYtOGY4OC0zNDM2M2JjN2M0YzAiOnsiY3JlYXRlIjoxODAwMDAwMDAwMDAwLCJkZWxldGUiOjE4MDAwMDAwMDAwMDAsInVwZGF0ZSI6MTgwMDAwMDAwMDAwMH0sInNjaGVtYV92ZXJzaW9uIjoiMSJ9",
          "dependencies": [
            "module.gke_for_node_pool_extension.google_container_cluster.primary"
          ]
        }
      ]
    },
    {
      "module": "module.vpc_for_node_pool_extension",
      "mode": "managed",
      "type": "google_compute_network",
      "name": "vpc",
      "provider": "provider[\"registry.terraform.io/hashicorp/google\"]",
      "instances": [
        {
          "schema_version": 0,
          "attributes": {
            "auto_create_subnetworks": false,
            "delete_default_routes_on_create": false,
            "description": "",
            "gateway_ipv4": "",
            "id": "projects/et-telco-xl-comet/global/networks/pool-extension-test-vpc",
            "mtu": 0,
            "name": "pool-extension-test-vpc",
            "project": "et-telco-xl-comet",
            "routing_mode": "REGIONAL",
            "self_link": "https://www.googleapis.com/compute/v1/projects/et-telco-xl-comet/global/networks/pool-extension-test-vpc",
            "timeouts": null
          },
          "sensitive_attributes": [],
          "private": "eyJlMmJmYjczMC1lY2FhLTExZTYtOGY4OC0zNDM2M2JjN2M0YzAiOnsiY3JlYXRlIjoyNDAwMDAwMDAwMDAsImRlbGV0ZSI6MjQwMDAwMDAwMDAwLCJ1cGRhdGUiOjI0MDAwMDAwMDAwMH19"
        }
      ]
    },
    {
      "module": "module.vpc_for_node_pool_extension",
      "mode": "managed",
      "type": "google_compute_subnetwork",
      "name": "subnet",
      "provider": "provider[\"registry.terraform.io/hashicorp/google\"]",
      "instances": [
        {
          "schema_version": 0,
          "attributes": {
            "creation_timestamp": "2021-10-25T04:25:54.478-07:00",
            "description": "",
            "external_ipv6_prefix": "",
            "fingerprint": null,
            "gateway_address": "10.44.130.1",
            "id": "projects/et-telco-xl-comet/regions/asia-southeast2/subnetworks/primary-subnet",
            "ip_cidr_range": "10.44.130.0/27",
            "ipv6_access_type": "",
            "ipv6_cidr_range": "",
            "log_config": [],
            "name": "primary-subnet",
            "network": "https://www.googleapis.com/compute/v1/projects/et-telco-xl-comet/global/networks/pool-extension-test-vpc",
            "private_ip_google_access": false,
            "private_ipv6_google_access": "DISABLE_GOOGLE_ACCESS",
            "project": "et-telco-xl-comet",
            "purpose": "PRIVATE",
            "region": "asia-southeast2",
            "role": "",
            "secondary_ip_range": [
              {
                "ip_cidr_range": "10.44.130.128/25",
                "range_name": "first-pod-subnet"
              },
              {
                "ip_cidr_range": "10.44.130.64/26",
                "range_name": "first-svc-subnet"
              },
              {
                "ip_cidr_range": "10.44.120.0/22",
                "range_name": "second-pod-subnet"
              },
              {
                "ip_cidr_range": "10.44.140.0/23",
                "range_name": "second-svc-subnet"
              }
            ],
            "self_link": "https://www.googleapis.com/compute/v1/projects/et-telco-xl-comet/regions/asia-southeast2/subnetworks/primary-subnet",
            "stack_type": "IPV4_ONLY",
            "timeouts": null
          },
          "sensitive_attributes": [],
          "private": "eyJlMmJmYjczMC1lY2FhLTExZTYtOGY4OC0zNDM2M2JjN2M0YzAiOnsiY3JlYXRlIjozNjAwMDAwMDAwMDAsImRlbGV0ZSI6MzYwMDAwMDAwMDAwLCJ1cGRhdGUiOjM2MDAwMDAwMDAwMH19",
          "dependencies": [
            "module.vpc_for_node_pool_extension.google_compute_network.vpc"
          ]
        }
      ]
    }
  ]
}
